
Microsoft Visual Studio Solution File, Format Version 12.00
# Visual Studio Version 17
VisualStudioVersion = 17.9.34728.123
MinimumVisualStudioVersion = 10.0.40219.1
Project("{FAE04EC0-301F-11D3-BF4B-00C04F79EFBC}") = "UdemyAPI", "UdemyAPI\UdemyAPI.csproj", "{653A1EE3-ED06-4DC1-B587-2AB01495E10A}"
EndProject
Global
	GlobalSection(SolutionConfigurationPlatforms) = preSolution
		Debug|Any CPU = Debug|Any CPU
		Release|Any CPU = Release|Any CPU
	EndGlobalSection
	GlobalSection(ProjectConfigurationPlatforms) = postSolution
		{653A1EE3-ED06-4DC1-B587-2AB01495E10A}.Debug|Any CPU.ActiveCfg = Debug|Any CPU
		{653A1EE3-ED06-4DC1-B587-2AB01495E10A}.Debug|Any CPU.Build.0 = Debug|Any CPU
		{653A1EE3-ED06-4DC1-B587-2AB01495E10A}.Release|Any CPU.ActiveCfg = Release|Any CPU
		{653A1EE3-ED06-4DC1-B587-2AB01495E10A}.Release|Any CPU.Build.0 = Release|Any CPU
	EndGlobalSection
	GlobalSection(SolutionProperties) = preSolution
		HideSolutionNode = FALSE
	EndGlobalSection
	GlobalSection(ExtensibilityGlobals) = postSolution
		SolutionGuid = {A7549B0C-AC64-4FD2-99C3-FA9ADBAA5307}
	EndGlobalSection
EndGlobal
